
Microsoft Visual Studio Solution File, Format Version 12.00
# Visual Studio Version 17
VisualStudioVersion = 17.12.35527.113
MinimumVisualStudioVersion = 10.0.40219.1
Project("{2150E333-8FDC-42A3-9474-1A3956D46DE8}") = "src", "src", "{325A67B2-1F05-4AFC-A85A-EDE24215AF39}"
EndProject
Project("{2150E333-8FDC-42A3-9474-1A3956D46DE8}") = "building blocks", "building blocks", "{E04EDD3D-A99C-4863-B30B-97260844381D}"
EndProject
Project("{2150E333-8FDC-42A3-9474-1A3956D46DE8}") = "services", "services", "{8A11B6D6-76EB-4AD1-A819-2C103D27AC47}"
EndProject
Project("{2150E333-8FDC-42A3-9474-1A3956D46DE8}") = "web", "web", "{FE52DAAF-440B-48FC-9085-E2082FF2CDF5}"
EndProject
Project("{2150E333-8FDC-42A3-9474-1A3956D46DE8}") = "identity", "identity", "{CF789E88-9BAD-431F-A657-2C743A646E2D}"
EndProject
Project("{FAE04EC0-301F-11D3-BF4B-00C04F79EFBC}") = "DevIO.NerdStore.Identity.API", "src\services\DevIO.NerdStore.Identity.API\DevIO.NerdStore.Identity.API.csproj", "{36940C91-7CB9-45E6-8088-2C90C3A1544E}"
EndProject
Project("{2150E333-8FDC-42A3-9474-1A3956D46DE8}") = "mvc", "mvc", "{909A1A26-52AF-4052-99A9-6E41C9030EF6}"
EndProject
Project("{FAE04EC0-301F-11D3-BF4B-00C04F79EFBC}") = "DevIO.NerdStore.WebApp.MVC", "src\web\DevIO.NerdStore.WebApp.MVC\DevIO.NerdStore.WebApp.MVC.csproj", "{13AC1B87-992E-48BB-A88D-D379D3FB9E29}"
EndProject
Project("{2150E333-8FDC-42A3-9474-1A3956D46DE8}") = "core", "core", "{FED2F85E-E184-4983-9DFA-7ED6C2E4CB1F}"
EndProject
Project("{FAE04EC0-301F-11D3-BF4B-00C04F79EFBC}") = "DevIO.NerdStore.Core", "src\building blocks\DevIO.NerdStore.Core\DevIO.NerdStore.Core.csproj", "{11C824D4-F26F-4C0D-AEE4-FE50E8288282}"
EndProject
Project("{2150E333-8FDC-42A3-9474-1A3956D46DE8}") = "carrinho", "carrinho", "{0E2A0F20-38A9-4D87-B22C-58426257516B}"
EndProject
Project("{2150E333-8FDC-42A3-9474-1A3956D46DE8}") = "catalogo", "catalogo", "{90750994-29C4-405E-856B-DA06AE97CD22}"
EndProject
Project("{2150E333-8FDC-42A3-9474-1A3956D46DE8}") = "clientes", "clientes", "{8B2ADA7B-324B-45E7-B75E-2E581E42A509}"
EndProject
Project("{2150E333-8FDC-42A3-9474-1A3956D46DE8}") = "pagamentos", "pagamentos", "{A1201300-A792-42F9-AC3D-6919C7BE1DF3}"
EndProject
Project("{2150E333-8FDC-42A3-9474-1A3956D46DE8}") = "pedidos", "pedidos", "{D249FA84-46F0-4E79-B54B-50CF861A14B7}"
EndProject
Project("{FAE04EC0-301F-11D3-BF4B-00C04F79EFBC}") = "DevIO.NerdStore.Carrinho.API", "src\services\DevIO.NerdStore.Carrinho.API\DevIO.NerdStore.Carrinho.API.csproj", "{3F4E9BFA-7EBB-434C-BB7E-63A435AD9A5B}"
EndProject
Project("{FAE04EC0-301F-11D3-BF4B-00C04F79EFBC}") = "DevIO.NerdStore.Catalogo.API", "src\services\DevIO.NerdStore.Catalogo.API\DevIO.NerdStore.Catalogo.API.csproj", "{E6393B7B-89C5-4FBD-913F-F4E5F28E4F94}"
EndProject
Project("{FAE04EC0-301F-11D3-BF4B-00C04F79EFBC}") = "DevIO.NerdStore.Clientes.API", "src\services\DevIO.NerdStore.Cliente.API\DevIO.NerdStore.Clientes.API.csproj", "{E95BFCA9-2E28-4F2E-8F0C-265ED2E388A2}"
EndProject
Project("{FAE04EC0-301F-11D3-BF4B-00C04F79EFBC}") = "DevIO.NerdStore.Pagamentos.API", "src\services\DevIO.NerdStore.Pagamento.API\DevIO.NerdStore.Pagamentos.API.csproj", "{05C4F037-1F63-4D88-A517-CBACF40A122B}"
EndProject
Project("{FAE04EC0-301F-11D3-BF4B-00C04F79EFBC}") = "DevIO.NerdStore.Pedidos.API", "src\services\DevIO.NerdStore.Pedidos.API\DevIO.NerdStore.Pedidos.API.csproj", "{4EB94112-C4C0-41C2-BD62-A047BE44E9A6}"
EndProject
Project("{2150E333-8FDC-42A3-9474-1A3956D46DE8}") = "services", "services", "{13F54F4B-21B5-415B-BB06-20FA749F0B79}"
EndProject
Project("{FAE04EC0-301F-11D3-BF4B-00C04F79EFBC}") = "DevIO.NerdStore.WebAPI.Core", "src\building blocks\DevIO.NerdStore.WebAPI.Core\DevIO.NerdStore.WebAPI.Core.csproj", "{9D7E5CA1-B07C-4E79-A901-068F4BD2E5E6}"
EndProject
Project("{2150E333-8FDC-42A3-9474-1A3956D46DE8}") = "message bus", "message bus", "{301FCBF6-8795-45E5-BCC3-27E2E25D75CD}"
EndProject
Project("{FAE04EC0-301F-11D3-BF4B-00C04F79EFBC}") = "DevIO.NerdStore.MessageBus", "src\building blocks\DevIO.NerdStore.MessageBus\DevIO.NerdStore.MessageBus.csproj", "{7E2963AA-32C8-42EB-952A-3C58A8A70025}"
EndProject
Project("{2150E333-8FDC-42A3-9474-1A3956D46DE8}") = "api gateways", "api gateways", "{E52CCF70-EEDD-4E6A-8D36-326672B6EB77}"
EndProject
Project("{2150E333-8FDC-42A3-9474-1A3956D46DE8}") = "compras", "compras", "{F75E96F7-1016-4FBD-A881-E44C327C50F8}"
EndProject
Project("{FAE04EC0-301F-11D3-BF4B-00C04F79EFBC}") = "DevIO.NerdStore.BFF.Compras", "src\api gateways\DevIO.NerdStore.BFF.Compras\DevIO.NerdStore.BFF.Compras.csproj", "{5C4AB7BB-287E-411B-8FBA-9EC4C30491B9}"
EndProject
Project("{FAE04EC0-301F-11D3-BF4B-00C04F79EFBC}") = "DevIO.NerdStore.Pedidos.Domain", "src\services\DevIO.NerdStore.Pedidos.Domain\DevIO.NerdStore.Pedidos.Domain.csproj", "{191A22CD-54D4-482F-9D6A-81B4087B14A6}"
EndProject
Project("{FAE04EC0-301F-11D3-BF4B-00C04F79EFBC}") = "DevIO.NerdStore.Pedidos.Infra", "src\services\DevIO.NerdStore.Pedidos.Infra\DevIO.NerdStore.Pedidos.Infra.csproj", "{424B5B6B-D004-4BA1-88DB-FF4C6658D46C}"
EndProject
Project("{FAE04EC0-301F-11D3-BF4B-00C04F79EFBC}") = "DevIO.NerdStore.Pagamentos.NerdsPag", "src\services\DevIO.NerdStore.Pagamentos.NerdsPag\DevIO.NerdStore.Pagamentos.NerdsPag.csproj", "{7D8D989D-4410-400F-B2B6-E7596E416146}"
EndProject
Global
	GlobalSection(SolutionConfigurationPlatforms) = preSolution
		Debug|Any CPU = Debug|Any CPU
		Release|Any CPU = Release|Any CPU
	EndGlobalSection
	GlobalSection(ProjectConfigurationPlatforms) = postSolution
		{36940C91-7CB9-45E6-8088-2C90C3A1544E}.Debug|Any CPU.ActiveCfg = Debug|Any CPU
		{36940C91-7CB9-45E6-8088-2C90C3A1544E}.Debug|Any CPU.Build.0 = Debug|Any CPU
		{36940C91-7CB9-45E6-8088-2C90C3A1544E}.Release|Any CPU.ActiveCfg = Release|Any CPU
		{36940C91-7CB9-45E6-8088-2C90C3A1544E}.Release|Any CPU.Build.0 = Release|Any CPU
		{13AC1B87-992E-48BB-A88D-D379D3FB9E29}.Debug|Any CPU.ActiveCfg = Debug|Any CPU
		{13AC1B87-992E-48BB-A88D-D379D3FB9E29}.Debug|Any CPU.Build.0 = Debug|Any CPU
		{13AC1B87-992E-48BB-A88D-D379D3FB9E29}.Release|Any CPU.ActiveCfg = Release|Any CPU
		{13AC1B87-992E-48BB-A88D-D379D3FB9E29}.Release|Any CPU.Build.0 = Release|Any CPU
		{11C824D4-F26F-4C0D-AEE4-FE50E8288282}.Debug|Any CPU.ActiveCfg = Debug|Any CPU
		{11C824D4-F26F-4C0D-AEE4-FE50E8288282}.Debug|Any CPU.Build.0 = Debug|Any CPU
		{11C824D4-F26F-4C0D-AEE4-FE50E8288282}.Release|Any CPU.ActiveCfg = Release|Any CPU
		{11C824D4-F26F-4C0D-AEE4-FE50E8288282}.Release|Any CPU.Build.0 = Release|Any CPU
		{3F4E9BFA-7EBB-434C-BB7E-63A435AD9A5B}.Debug|Any CPU.ActiveCfg = Debug|Any CPU
		{3F4E9BFA-7EBB-434C-BB7E-63A435AD9A5B}.Debug|Any CPU.Build.0 = Debug|Any CPU
		{3F4E9BFA-7EBB-434C-BB7E-63A435AD9A5B}.Release|Any CPU.ActiveCfg = Release|Any CPU
		{3F4E9BFA-7EBB-434C-BB7E-63A435AD9A5B}.Release|Any CPU.Build.0 = Release|Any CPU
		{E6393B7B-89C5-4FBD-913F-F4E5F28E4F94}.Debug|Any CPU.ActiveCfg = Debug|Any CPU
		{E6393B7B-89C5-4FBD-913F-F4E5F28E4F94}.Debug|Any CPU.Build.0 = Debug|Any CPU
		{E6393B7B-89C5-4FBD-913F-F4E5F28E4F94}.Release|Any CPU.ActiveCfg = Release|Any CPU
		{E6393B7B-89C5-4FBD-913F-F4E5F28E4F94}.Release|Any CPU.Build.0 = Release|Any CPU
		{E95BFCA9-2E28-4F2E-8F0C-265ED2E388A2}.Debug|Any CPU.ActiveCfg = Debug|Any CPU
		{E95BFCA9-2E28-4F2E-8F0C-265ED2E388A2}.Debug|Any CPU.Build.0 = Debug|Any CPU
		{E95BFCA9-2E28-4F2E-8F0C-265ED2E388A2}.Release|Any CPU.ActiveCfg = Release|Any CPU
		{E95BFCA9-2E28-4F2E-8F0C-265ED2E388A2}.Release|Any CPU.Build.0 = Release|Any CPU
		{05C4F037-1F63-4D88-A517-CBACF40A122B}.Debug|Any CPU.ActiveCfg = Debug|Any CPU
		{05C4F037-1F63-4D88-A517-CBACF40A122B}.Debug|Any CPU.Build.0 = Debug|Any CPU
		{05C4F037-1F63-4D88-A517-CBACF40A122B}.Release|Any CPU.ActiveCfg = Release|Any CPU
		{05C4F037-1F63-4D88-A517-CBACF40A122B}.Release|Any CPU.Build.0 = Release|Any CPU
		{4EB94112-C4C0-41C2-BD62-A047BE44E9A6}.Debug|Any CPU.ActiveCfg = Debug|Any CPU
		{4EB94112-C4C0-41C2-BD62-A047BE44E9A6}.Debug|Any CPU.Build.0 = Debug|Any CPU
		{4EB94112-C4C0-41C2-BD62-A047BE44E9A6}.Release|Any CPU.ActiveCfg = Release|Any CPU
		{4EB94112-C4C0-41C2-BD62-A047BE44E9A6}.Release|Any CPU.Build.0 = Release|Any CPU
		{9D7E5CA1-B07C-4E79-A901-068F4BD2E5E6}.Debug|Any CPU.ActiveCfg = Debug|Any CPU
		{9D7E5CA1-B07C-4E79-A901-068F4BD2E5E6}.Debug|Any CPU.Build.0 = Debug|Any CPU
		{9D7E5CA1-B07C-4E79-A901-068F4BD2E5E6}.Release|Any CPU.ActiveCfg = Release|Any CPU
		{9D7E5CA1-B07C-4E79-A901-068F4BD2E5E6}.Release|Any CPU.Build.0 = Release|Any CPU
		{7E2963AA-32C8-42EB-952A-3C58A8A70025}.Debug|Any CPU.ActiveCfg = Debug|Any CPU
		{7E2963AA-32C8-42EB-952A-3C58A8A70025}.Debug|Any CPU.Build.0 = Debug|Any CPU
		{7E2963AA-32C8-42EB-952A-3C58A8A70025}.Release|Any CPU.ActiveCfg = Release|Any CPU
		{7E2963AA-32C8-42EB-952A-3C58A8A70025}.Release|Any CPU.Build.0 = Release|Any CPU
		{5C4AB7BB-287E-411B-8FBA-9EC4C30491B9}.Debug|Any CPU.ActiveCfg = Debug|Any CPU
		{5C4AB7BB-287E-411B-8FBA-9EC4C30491B9}.Debug|Any CPU.Build.0 = Debug|Any CPU
		{5C4AB7BB-287E-411B-8FBA-9EC4C30491B9}.Release|Any CPU.ActiveCfg = Release|Any CPU
		{5C4AB7BB-287E-411B-8FBA-9EC4C30491B9}.Release|Any CPU.Build.0 = Release|Any CPU
		{191A22CD-54D4-482F-9D6A-81B4087B14A6}.Debug|Any CPU.ActiveCfg = Debug|Any CPU
		{191A22CD-54D4-482F-9D6A-81B4087B14A6}.Debug|Any CPU.Build.0 = Debug|Any CPU
		{191A22CD-54D4-482F-9D6A-81B4087B14A6}.Release|Any CPU.ActiveCfg = Release|Any CPU
		{191A22CD-54D4-482F-9D6A-81B4087B14A6}.Release|Any CPU.Build.0 = Release|Any CPU
		{424B5B6B-D004-4BA1-88DB-FF4C6658D46C}.Debug|Any CPU.ActiveCfg = Debug|Any CPU
		{424B5B6B-D004-4BA1-88DB-FF4C6658D46C}.Debug|Any CPU.Build.0 = Debug|Any CPU
		{424B5B6B-D004-4BA1-88DB-FF4C6658D46C}.Release|Any CPU.ActiveCfg = Release|Any CPU
		{424B5B6B-D004-4BA1-88DB-FF4C6658D46C}.Release|Any CPU.Build.0 = Release|Any CPU
		{7D8D989D-4410-400F-B2B6-E7596E416146}.Debug|Any CPU.ActiveCfg = Debug|Any CPU
		{7D8D989D-4410-400F-B2B6-E7596E416146}.Debug|Any CPU.Build.0 = Debug|Any CPU
		{7D8D989D-4410-400F-B2B6-E7596E416146}.Release|Any CPU.ActiveCfg = Release|Any CPU
		{7D8D989D-4410-400F-B2B6-E7596E416146}.Release|Any CPU.Build.0 = Release|Any CPU
	EndGlobalSection
	GlobalSection(SolutionProperties) = preSolution
		HideSolutionNode = FALSE
	EndGlobalSection
	GlobalSection(NestedProjects) = preSolution
		{E04EDD3D-A99C-4863-B30B-97260844381D} = {325A67B2-1F05-4AFC-A85A-EDE24215AF39}
		{8A11B6D6-76EB-4AD1-A819-2C103D27AC47} = {325A67B2-1F05-4AFC-A85A-EDE24215AF39}
		{FE52DAAF-440B-48FC-9085-E2082FF2CDF5} = {325A67B2-1F05-4AFC-A85A-EDE24215AF39}
		{CF789E88-9BAD-431F-A657-2C743A646E2D} = {8A11B6D6-76EB-4AD1-A819-2C103D27AC47}
		{36940C91-7CB9-45E6-8088-2C90C3A1544E} = {CF789E88-9BAD-431F-A657-2C743A646E2D}
		{909A1A26-52AF-4052-99A9-6E41C9030EF6} = {FE52DAAF-440B-48FC-9085-E2082FF2CDF5}
		{13AC1B87-992E-48BB-A88D-D379D3FB9E29} = {909A1A26-52AF-4052-99A9-6E41C9030EF6}
		{FED2F85E-E184-4983-9DFA-7ED6C2E4CB1F} = {E04EDD3D-A99C-4863-B30B-97260844381D}
		{11C824D4-F26F-4C0D-AEE4-FE50E8288282} = {FED2F85E-E184-4983-9DFA-7ED6C2E4CB1F}
		{0E2A0F20-38A9-4D87-B22C-58426257516B} = {8A11B6D6-76EB-4AD1-A819-2C103D27AC47}
		{90750994-29C4-405E-856B-DA06AE97CD22} = {8A11B6D6-76EB-4AD1-A819-2C103D27AC47}
		{8B2ADA7B-324B-45E7-B75E-2E581E42A509} = {8A11B6D6-76EB-4AD1-A819-2C103D27AC47}
		{A1201300-A792-42F9-AC3D-6919C7BE1DF3} = {8A11B6D6-76EB-4AD1-A819-2C103D27AC47}
		{D249FA84-46F0-4E79-B54B-50CF861A14B7} = {8A11B6D6-76EB-4AD1-A819-2C103D27AC47}
		{3F4E9BFA-7EBB-434C-BB7E-63A435AD9A5B} = {0E2A0F20-38A9-4D87-B22C-58426257516B}
		{E6393B7B-89C5-4FBD-913F-F4E5F28E4F94} = {90750994-29C4-405E-856B-DA06AE97CD22}
		{E95BFCA9-2E28-4F2E-8F0C-265ED2E388A2} = {8B2ADA7B-324B-45E7-B75E-2E581E42A509}
		{05C4F037-1F63-4D88-A517-CBACF40A122B} = {A1201300-A792-42F9-AC3D-6919C7BE1DF3}
		{4EB94112-C4C0-41C2-BD62-A047BE44E9A6} = {D249FA84-46F0-4E79-B54B-50CF861A14B7}
		{13F54F4B-21B5-415B-BB06-20FA749F0B79} = {E04EDD3D-A99C-4863-B30B-97260844381D}
		{9D7E5CA1-B07C-4E79-A901-068F4BD2E5E6} = {13F54F4B-21B5-415B-BB06-20FA749F0B79}
		{301FCBF6-8795-45E5-BCC3-27E2E25D75CD} = {E04EDD3D-A99C-4863-B30B-97260844381D}
		{7E2963AA-32C8-42EB-952A-3C58A8A70025} = {301FCBF6-8795-45E5-BCC3-27E2E25D75CD}
		{E52CCF70-EEDD-4E6A-8D36-326672B6EB77} = {325A67B2-1F05-4AFC-A85A-EDE24215AF39}
		{F75E96F7-1016-4FBD-A881-E44C327C50F8} = {E52CCF70-EEDD-4E6A-8D36-326672B6EB77}
		{5C4AB7BB-287E-411B-8FBA-9EC4C30491B9} = {F75E96F7-1016-4FBD-A881-E44C327C50F8}
		{191A22CD-54D4-482F-9D6A-81B4087B14A6} = {D249FA84-46F0-4E79-B54B-50CF861A14B7}
		{424B5B6B-D004-4BA1-88DB-FF4C6658D46C} = {D249FA84-46F0-4E79-B54B-50CF861A14B7}
		{7D8D989D-4410-400F-B2B6-E7596E416146} = {A1201300-A792-42F9-AC3D-6919C7BE1DF3}
	EndGlobalSection
	GlobalSection(ExtensibilityGlobals) = postSolution
		SolutionGuid = {BF4D6080-216F-40CD-808B-BA2B43FC0396}
	EndGlobalSection
EndGlobal
